
Microsoft Visual Studio Solution File, Format Version 12.00
# Visual Studio 15
VisualStudioVersion = 15.0.26228.4
MinimumVisualStudioVersion = 10.0.40219.1
Project("{FAE04EC0-301F-11D3-BF4B-00C04F79EFBC}") = "WagesApp", "WagesApp\WagesApp.csproj", "{B2E5A320-8DD8-400A-9750-EC4E5ACE4B4C}"
EndProject
Global
	GlobalSection(SolutionConfigurationPlatforms) = preSolution
		Debug|Any CPU = Debug|Any CPU
		Release|Any CPU = Release|Any CPU
	EndGlobalSection
	GlobalSection(ProjectConfigurationPlatforms) = postSolution
		{B2E5A320-8DD8-400A-9750-EC4E5ACE4B4C}.Debug|Any CPU.ActiveCfg = Debug|Any CPU
		{B2E5A320-8DD8-400A-9750-EC4E5ACE4B4C}.Debug|Any CPU.Build.0 = Debug|Any CPU
		{B2E5A320-8DD8-400A-9750-EC4E5ACE4B4C}.Release|Any CPU.ActiveCfg = Release|Any CPU
		{B2E5A320-8DD8-400A-9750-EC4E5ACE4B4C}.Release|Any CPU.Build.0 = Release|Any CPU
	EndGlobalSection
	GlobalSection(SolutionProperties) = preSolution
		HideSolutionNode = FALSE
	EndGlobalSection
EndGlobal
