
Microsoft Visual Studio Solution File, Format Version 12.00
# Visual Studio Version 16
VisualStudioVersion = 16.0.28803.352
MinimumVisualStudioVersion = 10.0.40219.1
Project("{FAE04EC0-301F-11D3-BF4B-00C04F79EFBC}") = "WagesApp", "WagesApp\WagesApp.csproj", "{B2E5A320-8DD8-400A-9750-EC4E5ACE4B4C}"
EndProject
Project("{FAE04EC0-301F-11D3-BF4B-00C04F79EFBC}") = "WageAppTest", "WageAppTest\WageAppTest.csproj", "{C6AAFF55-CB6C-4BAF-936F-C34C1162C0B0}"
EndProject
Global
	GlobalSection(SolutionConfigurationPlatforms) = preSolution
		Debug|Any CPU = Debug|Any CPU
		Release|Any CPU = Release|Any CPU
	EndGlobalSection
	GlobalSection(ProjectConfigurationPlatforms) = postSolution
		{B2E5A320-8DD8-400A-9750-EC4E5ACE4B4C}.Debug|Any CPU.ActiveCfg = Debug|Any CPU
		{B2E5A320-8DD8-400A-9750-EC4E5ACE4B4C}.Debug|Any CPU.Build.0 = Debug|Any CPU
		{B2E5A320-8DD8-400A-9750-EC4E5ACE4B4C}.Release|Any CPU.ActiveCfg = Release|Any CPU
		{B2E5A320-8DD8-400A-9750-EC4E5ACE4B4C}.Release|Any CPU.Build.0 = Release|Any CPU
		{C6AAFF55-CB6C-4BAF-936F-C34C1162C0B0}.Debug|Any CPU.ActiveCfg = Debug|Any CPU
		{C6AAFF55-CB6C-4BAF-936F-C34C1162C0B0}.Debug|Any CPU.Build.0 = Debug|Any CPU
		{C6AAFF55-CB6C-4BAF-936F-C34C1162C0B0}.Release|Any CPU.ActiveCfg = Release|Any CPU
		{C6AAFF55-CB6C-4BAF-936F-C34C1162C0B0}.Release|Any CPU.Build.0 = Release|Any CPU
	EndGlobalSection
	GlobalSection(SolutionProperties) = preSolution
		HideSolutionNode = FALSE
	EndGlobalSection
	GlobalSection(ExtensibilityGlobals) = postSolution
		SolutionGuid = {134E9676-F1CD-4AB9-8F16-E17FBBB03CE2}
	EndGlobalSection
EndGlobal
